
Microsoft Visual Studio Solution File, Format Version 12.00
# Visual Studio 14
VisualStudioVersion = 14.0.25420.1
MinimumVisualStudioVersion = 10.0.40219.1
Project("{FAE04EC0-301F-11D3-BF4B-00C04F79EFBC}") = "IMCSystem.Server", "IMCSystem.Server\IMCSystem.Server.csproj", "{F976BBF6-D458-4562-8561-4C9D3BF1A59B}"
EndProject
Project("{FAE04EC0-301F-11D3-BF4B-00C04F79EFBC}") = "IMCSystem.Console", "IMCSystem.Console\IMCSystem.Console.csproj", "{165C0F2B-FF91-4241-98DE-2F56DD35F34C}"
EndProject
Global
	GlobalSection(SolutionConfigurationPlatforms) = preSolution
		Debug|Any CPU = Debug|Any CPU
		Release|Any CPU = Release|Any CPU
	EndGlobalSection
	GlobalSection(ProjectConfigurationPlatforms) = postSolution
		{F976BBF6-D458-4562-8561-4C9D3BF1A59B}.Debug|Any CPU.ActiveCfg = Debug|Any CPU
		{F976BBF6-D458-4562-8561-4C9D3BF1A59B}.Debug|Any CPU.Build.0 = Debug|Any CPU
		{F976BBF6-D458-4562-8561-4C9D3BF1A59B}.Release|Any CPU.ActiveCfg = Release|Any CPU
		{F976BBF6-D458-4562-8561-4C9D3BF1A59B}.Release|Any CPU.Build.0 = Release|Any CPU
		{165C0F2B-FF91-4241-98DE-2F56DD35F34C}.Debug|Any CPU.ActiveCfg = Debug|Any CPU
		{165C0F2B-FF91-4241-98DE-2F56DD35F34C}.Debug|Any CPU.Build.0 = Debug|Any CPU
		{165C0F2B-FF91-4241-98DE-2F56DD35F34C}.Release|Any CPU.ActiveCfg = Release|Any CPU
		{165C0F2B-FF91-4241-98DE-2F56DD35F34C}.Release|Any CPU.Build.0 = Release|Any CPU
	EndGlobalSection
	GlobalSection(SolutionProperties) = preSolution
		HideSolutionNode = FALSE
	EndGlobalSection
EndGlobal
